
Microsoft Visual Studio Solution File, Format Version 12.00
# Visual Studio Version 17
VisualStudioVersion = 17.6.33829.357
MinimumVisualStudioVersion = 10.0.40219.1
Project("{9A19103F-16F7-4668-BE54-9A1E7A4F7556}") = "C#Fundamentals", "C#Fundamentals\C#Fundamentals.csproj", "{A9122291-55DF-4E88-A537-73E66EAF1C64}"
EndProject
Project("{9A19103F-16F7-4668-BE54-9A1E7A4F7556}") = "Calculator", "Calculator\Calculator.csproj", "{F9B5282A-C878-4947-BA92-89B7179CAD91}"
EndProject
Project("{9A19103F-16F7-4668-BE54-9A1E7A4F7556}") = "TodoList", "TodoList\TodoList.csproj", "{97BAB90E-6CBD-4AFD-92BD-48A395807D51}"
EndProject
Project("{2150E333-8FDC-42A3-9474-1A3956D46DE8}") = "Fundamentals", "Fundamentals", "{DAF6E406-246C-4E48-9DEE-C1103EB01644}"
EndProject
Project("{2150E333-8FDC-42A3-9474-1A3956D46DE8}") = "OOP", "OOP", "{7CAE5A9B-DBA5-46B4-B619-7F432482DD13}"
EndProject
Project("{9A19103F-16F7-4668-BE54-9A1E7A4F7556}") = "OOPBasics", "OOPBasics\OOPBasics.csproj", "{3AEF1E58-3103-4F04-8938-7CEBDD0FC84D}"
EndProject
Project("{9A19103F-16F7-4668-BE54-9A1E7A4F7556}") = "SingleResponsibilityPrinciple", "SingleResponsibilityPrinciple\SingleResponsibilityPrinciple.csproj", "{AF202A80-2711-4722-A64A-3C4DF10821DB}"
EndProject
Project("{9A19103F-16F7-4668-BE54-9A1E7A4F7556}") = "DiceGame", "DiceGame\DiceGame.csproj", "{D0330530-140F-4243-B777-557F255793FA}"
EndProject
Project("{2150E333-8FDC-42A3-9474-1A3956D46DE8}") = "OOP Advanced", "OOP Advanced", "{42761FB4-8B42-440E-AAC8-0CD4F8AFC424}"
EndProject
Project("{9A19103F-16F7-4668-BE54-9A1E7A4F7556}") = "OverrideExample", "OverrideExample\OverrideExample.csproj", "{DEFFEB1D-F205-4BB7-84C4-81FF1094461D}"
EndProject
Project("{9A19103F-16F7-4668-BE54-9A1E7A4F7556}") = "PizzeriaApp", "PizzeriaApp\PizzeriaApp.csproj", "{B40A3310-1E05-45DA-9F32-6033212B4F80}"
EndProject
Project("{9A19103F-16F7-4668-BE54-9A1E7A4F7556}") = "ExtensionMethodsExample", "ExtensionMethodsExample\ExtensionMethodsExample.csproj", "{FBEB4C1B-87E1-40A4-89FA-3D36A66DC53F}"
EndProject
Project("{9A19103F-16F7-4668-BE54-9A1E7A4F7556}") = "InterfaceExample", "InterfaceExample\InterfaceExample.csproj", "{EF3C7B18-64EC-4FDE-A306-2B7302466D08}"
EndProject
Project("{9A19103F-16F7-4668-BE54-9A1E7A4F7556}") = "CookiesCookbook", "CookiesCookbook\CookiesCookbook.csproj", "{AD43BA3A-5B6A-48D7-8A14-3DE76E40E8AE}"
EndProject
Project("{2150E333-8FDC-42A3-9474-1A3956D46DE8}") = "Exceptions", "Exceptions", "{B0B33FD3-E8AA-4C95-9C09-A4497D9E3D6D}"
EndProject
Project("{9A19103F-16F7-4668-BE54-9A1E7A4F7556}") = "HandlingExceptions", "HandlingExceptions\HandlingExceptions.csproj", "{6D31B1B4-BAD7-4B27-99C5-6D3D91AA581D}"
EndProject
Project("{9A19103F-16F7-4668-BE54-9A1E7A4F7556}") = "GameDataParser", "GameDataParser\GameDataParser.csproj", "{E0F3CE97-75CE-4B8C-9CB2-7333AF131BBF}"
EndProject
Project("{2150E333-8FDC-42A3-9474-1A3956D46DE8}") = "GenericsAndAdvancedMethods", "GenericsAndAdvancedMethods", "{994068F3-E5AE-49ED-86C6-E4A2FEC3EA6F}"
EndProject
Project("{9A19103F-16F7-4668-BE54-9A1E7A4F7556}") = "GenericsExample", "GenericsExample\GenericsExample.csproj", "{8D6C8ED5-C8D9-46A8-ADA4-DF59373978A8}"
EndProject
Project("{9A19103F-16F7-4668-BE54-9A1E7A4F7556}") = "AdvancedMethodsExample", "AdvancedMethodsExample\AdvancedMethodsExample.csproj", "{F74D7BA0-E21E-4D20-826D-355234D71AE5}"
EndProject
Project("{9A19103F-16F7-4668-BE54-9A1E7A4F7556}") = "CustomCacheExample", "CustomCacheExample\CustomCacheExample.csproj", "{31F88EA8-E483-49EC-B67E-B0821CBF988A}"
EndProject
Project("{2150E333-8FDC-42A3-9474-1A3956D46DE8}") = "LINQ", "LINQ", "{778A0FA8-0764-4FA1-A17A-5CB92413DEB2}"
EndProject
Project("{9A19103F-16F7-4668-BE54-9A1E7A4F7556}") = "LINQExample", "LINQExample\LINQExample.csproj", "{8C7652CC-9371-40EF-826F-F7D497B1A7F5}"
EndProject
Project("{9A19103F-16F7-4668-BE54-9A1E7A4F7556}") = "CookiesCookBook_LINQ", "CookiesCookBook_LINQ\CookiesCookBook_LINQ.csproj", "{E160A0CA-762B-4726-86F7-52F43D643517}"
EndProject
Project("{2150E333-8FDC-42A3-9474-1A3956D46DE8}") = ".Net", ".Net", "{C46DE4FA-00B6-4C8D-8703-F61D2A8707FD}"
EndProject
Project("{9A19103F-16F7-4668-BE54-9A1E7A4F7556}") = "DotNetUnderTheHood", "DotNetUnderTheHood\DotNetUnderTheHood.csproj", "{B3017E1A-588E-4976-962F-988DFE71E3A3}"
EndProject
Project("{9A19103F-16F7-4668-BE54-9A1E7A4F7556}") = "BasicCSVReader", "BasicCSVReader\BasicCSVReader.csproj", "{D988575E-BC55-471F-990F-98BAC529B6AA}"
EndProject
Project("{9A19103F-16F7-4668-BE54-9A1E7A4F7556}") = "CSVProcessingApp", "CSVProcessingApp\CSVProcessingApp.csproj", "{06E59899-1132-4432-82B8-AFA6E99F7B34}"
EndProject
Project("{2150E333-8FDC-42A3-9474-1A3956D46DE8}") = "Advanced C#", "Advanced C#", "{9169D00C-F73E-438C-8D13-85BCF36C1428}"
EndProject
Project("{9A19103F-16F7-4668-BE54-9A1E7A4F7556}") = "ReflectionExample", "ReflectionExample\ReflectionExample.csproj", "{B0F5910F-A3A0-4EED-BA30-3D7981FFFD8E}"
EndProject
Project("{9A19103F-16F7-4668-BE54-9A1E7A4F7556}") = "AttributesExample", "Attributes\AttributesExample.csproj", "{6457F318-2967-49EA-A35A-E6E4143D7594}"
EndProject
Project("{9A19103F-16F7-4668-BE54-9A1E7A4F7556}") = "StructsExample", "StructsExample\StructsExample.csproj", "{0B9969B3-AB57-4B9D-84C7-B338DB64EDE7}"
EndProject
Project("{9A19103F-16F7-4668-BE54-9A1E7A4F7556}") = "AdvancedC#", "AdvancedC#\AdvancedC#.csproj", "{EBD42BE0-E886-4522-BB94-1E627E50321C}"
EndProject
Project("{9A19103F-16F7-4668-BE54-9A1E7A4F7556}") = "RecordsExample", "RecordsExample\RecordsExample.csproj", "{E043550A-3B9E-4893-BE93-97617E7DCE79}"
EndProject
Project("{9A19103F-16F7-4668-BE54-9A1E7A4F7556}") = "API_Example", "API_Example\API_Example.csproj", "{D05C87E0-C9FB-4C43-9E54-5DFF062D0C00}"
EndProject
Project("{9A19103F-16F7-4668-BE54-9A1E7A4F7556}") = "StarWarsPlanetStats", "StarWarsPlanetStats\StarWarsPlanetStats.csproj", "{BBA9A5A7-2D48-4FDA-AD14-4B1D63DF70CB}"
EndProject
Project("{2150E333-8FDC-42A3-9474-1A3956D46DE8}") = "Collections", "Collections", "{A888594A-3C96-4163-915D-09B76365842E}"
EndProject
Project("{9A19103F-16F7-4668-BE54-9A1E7A4F7556}") = "CollectionExample", "CollectionExample\CollectionExample.csproj", "{E32C3A74-444E-42CF-867D-613074222E49}"
EndProject
Project("{9A19103F-16F7-4668-BE54-9A1E7A4F7556}") = "CollectionExample2", "CollectionExample2\CollectionExample2.csproj", "{70022102-C04C-4A88-9912-255A164B8542}"
EndProject
Project("{9A19103F-16F7-4668-BE54-9A1E7A4F7556}") = "YieldExample", "YieldExample\YieldExample.csproj", "{B3B80F53-85DA-4C12-A690-CF252AE7EE53}"
EndProject
Project("{9A19103F-16F7-4668-BE54-9A1E7A4F7556}") = "CustomLinekdList", "CustomLinekdList\CustomLinekdList.csproj", "{35B91CC6-9E7C-423B-8BEA-6BDCDE6D014C}"
EndProject
Project("{2150E333-8FDC-42A3-9474-1A3956D46DE8}") = "Solution, assemblies, projects", "Solution, assemblies, projects", "{833EB596-73AD-4263-88BC-2A13DF7BF831}"
EndProject
Project("{9A19103F-16F7-4668-BE54-9A1E7A4F7556}") = "ProjectsAndSolutionsExample", "ProjectsAndSolutionsExample\ProjectsAndSolutionsExample.csproj", "{CA55633D-83F5-4FE2-98F0-D4F3D77C4CE7}"
EndProject
Project("{9A19103F-16F7-4668-BE54-9A1E7A4F7556}") = "Utilities", "Utilities\Utilities.csproj", "{39F79C01-2017-46A3-ADFA-D432A57C04C4}"
EndProject
Project("{2150E333-8FDC-42A3-9474-1A3956D46DE8}") = "Strings", "Strings", "{11E22D26-B128-499E-94A5-383869B37126}"
EndProject
Project("{9A19103F-16F7-4668-BE54-9A1E7A4F7556}") = "StringsExamples", "StringsExamples\StringsExamples.csproj", "{18DB389C-96D4-4C4B-A980-BD2AF7920840}"
EndProject
Project("{9A19103F-16F7-4668-BE54-9A1E7A4F7556}") = "CharsExample", "CharsExample\CharsExample.csproj", "{52C03A84-FC79-4943-ADE7-B2C77A7E0514}"
EndProject
Project("{9A19103F-16F7-4668-BE54-9A1E7A4F7556}") = "TicketDataAggregator", "TicketDataAggregator\TicketDataAggregator.csproj", "{D66E3EE2-4E00-4A3E-8F12-6F7F24066A80}"
EndProject
Project("{2150E333-8FDC-42A3-9474-1A3956D46DE8}") = "Numeric Types", "Numeric Types", "{B0D56509-379D-425A-83CE-4C8700F631B6}"
EndProject
Project("{9A19103F-16F7-4668-BE54-9A1E7A4F7556}") = "NumericTypeExemple", "NumericTypeExemple\NumericTypeExemple.csproj", "{3062B2A1-1CB3-44D3-BF75-AB60997B0613}"
EndProject
Project("{2150E333-8FDC-42A3-9474-1A3956D46DE8}") = "Events", "Events", "{7F16818D-AA66-4CC1-8352-5BE57F31D439}"
EndProject
Project("{9A19103F-16F7-4668-BE54-9A1E7A4F7556}") = "ObservableExample", "EventsExample\ObservableExample.csproj", "{EA53ECB4-4375-4477-8259-1B6447A4C980}"
EndProject
Project("{9A19103F-16F7-4668-BE54-9A1E7A4F7556}") = "EventsExamples", "EventsExamples\EventsExamples.csproj", "{DC2A8CE4-B988-455B-820C-D59C34CF9328}"
EndProject
Project("{9A19103F-16F7-4668-BE54-9A1E7A4F7556}") = "WinFormsApp", "WinFormsApp\WinFormsApp.csproj", "{F372D4DA-0339-4FC1-A4E4-9E535F7AC43B}"
EndProject
Project("{9A19103F-16F7-4668-BE54-9A1E7A4F7556}") = "NumericTypeSuggester", "NumericTzpeSuggester\NumericTypeSuggester.csproj", "{71886021-C83C-4D92-8B40-B5C8D962AC90}"
EndProject
Project("{2150E333-8FDC-42A3-9474-1A3956D46DE8}") = "Unit Testing", "Unit Testing", "{4A4E0376-61CC-4C30-B6F7-E6DAA99EA9E4}"
EndProject
Project("{FAE04EC0-301F-11D3-BF4B-00C04F79EFBC}") = "Utilities", "UnitTestExample\Utilities.csproj", "{55170B6F-5700-4674-8F3F-F607407B7F94}"
EndProject
Project("{FAE04EC0-301F-11D3-BF4B-00C04F79EFBC}") = "UtilitiesTests", "UtilitiesTests\UtilitiesTests.csproj", "{C31C8B05-3978-4F81-8AC5-672FBDEA7299}"
EndProject
Global
	GlobalSection(SolutionConfigurationPlatforms) = preSolution
		Debug|Any CPU = Debug|Any CPU
		Release|Any CPU = Release|Any CPU
	EndGlobalSection
	GlobalSection(ProjectConfigurationPlatforms) = postSolution
		{A9122291-55DF-4E88-A537-73E66EAF1C64}.Debug|Any CPU.ActiveCfg = Debug|Any CPU
		{A9122291-55DF-4E88-A537-73E66EAF1C64}.Debug|Any CPU.Build.0 = Debug|Any CPU
		{A9122291-55DF-4E88-A537-73E66EAF1C64}.Release|Any CPU.ActiveCfg = Release|Any CPU
		{A9122291-55DF-4E88-A537-73E66EAF1C64}.Release|Any CPU.Build.0 = Release|Any CPU
		{F9B5282A-C878-4947-BA92-89B7179CAD91}.Debug|Any CPU.ActiveCfg = Debug|Any CPU
		{F9B5282A-C878-4947-BA92-89B7179CAD91}.Debug|Any CPU.Build.0 = Debug|Any CPU
		{F9B5282A-C878-4947-BA92-89B7179CAD91}.Release|Any CPU.ActiveCfg = Release|Any CPU
		{F9B5282A-C878-4947-BA92-89B7179CAD91}.Release|Any CPU.Build.0 = Release|Any CPU
		{97BAB90E-6CBD-4AFD-92BD-48A395807D51}.Debug|Any CPU.ActiveCfg = Debug|Any CPU
		{97BAB90E-6CBD-4AFD-92BD-48A395807D51}.Debug|Any CPU.Build.0 = Debug|Any CPU
		{97BAB90E-6CBD-4AFD-92BD-48A395807D51}.Release|Any CPU.ActiveCfg = Release|Any CPU
		{97BAB90E-6CBD-4AFD-92BD-48A395807D51}.Release|Any CPU.Build.0 = Release|Any CPU
		{3AEF1E58-3103-4F04-8938-7CEBDD0FC84D}.Debug|Any CPU.ActiveCfg = Debug|Any CPU
		{3AEF1E58-3103-4F04-8938-7CEBDD0FC84D}.Debug|Any CPU.Build.0 = Debug|Any CPU
		{3AEF1E58-3103-4F04-8938-7CEBDD0FC84D}.Release|Any CPU.ActiveCfg = Release|Any CPU
		{3AEF1E58-3103-4F04-8938-7CEBDD0FC84D}.Release|Any CPU.Build.0 = Release|Any CPU
		{AF202A80-2711-4722-A64A-3C4DF10821DB}.Debug|Any CPU.ActiveCfg = Debug|Any CPU
		{AF202A80-2711-4722-A64A-3C4DF10821DB}.Debug|Any CPU.Build.0 = Debug|Any CPU
		{AF202A80-2711-4722-A64A-3C4DF10821DB}.Release|Any CPU.ActiveCfg = Release|Any CPU
		{AF202A80-2711-4722-A64A-3C4DF10821DB}.Release|Any CPU.Build.0 = Release|Any CPU
		{D0330530-140F-4243-B777-557F255793FA}.Debug|Any CPU.ActiveCfg = Debug|Any CPU
		{D0330530-140F-4243-B777-557F255793FA}.Debug|Any CPU.Build.0 = Debug|Any CPU
		{D0330530-140F-4243-B777-557F255793FA}.Release|Any CPU.ActiveCfg = Release|Any CPU
		{D0330530-140F-4243-B777-557F255793FA}.Release|Any CPU.Build.0 = Release|Any CPU
		{DEFFEB1D-F205-4BB7-84C4-81FF1094461D}.Debug|Any CPU.ActiveCfg = Debug|Any CPU
		{DEFFEB1D-F205-4BB7-84C4-81FF1094461D}.Debug|Any CPU.Build.0 = Debug|Any CPU
		{DEFFEB1D-F205-4BB7-84C4-81FF1094461D}.Release|Any CPU.ActiveCfg = Release|Any CPU
		{DEFFEB1D-F205-4BB7-84C4-81FF1094461D}.Release|Any CPU.Build.0 = Release|Any CPU
		{B40A3310-1E05-45DA-9F32-6033212B4F80}.Debug|Any CPU.ActiveCfg = Debug|Any CPU
		{B40A3310-1E05-45DA-9F32-6033212B4F80}.Debug|Any CPU.Build.0 = Debug|Any CPU
		{B40A3310-1E05-45DA-9F32-6033212B4F80}.Release|Any CPU.ActiveCfg = Release|Any CPU
		{B40A3310-1E05-45DA-9F32-6033212B4F80}.Release|Any CPU.Build.0 = Release|Any CPU
		{FBEB4C1B-87E1-40A4-89FA-3D36A66DC53F}.Debug|Any CPU.ActiveCfg = Debug|Any CPU
		{FBEB4C1B-87E1-40A4-89FA-3D36A66DC53F}.Debug|Any CPU.Build.0 = Debug|Any CPU
		{FBEB4C1B-87E1-40A4-89FA-3D36A66DC53F}.Release|Any CPU.ActiveCfg = Release|Any CPU
		{FBEB4C1B-87E1-40A4-89FA-3D36A66DC53F}.Release|Any CPU.Build.0 = Release|Any CPU
		{EF3C7B18-64EC-4FDE-A306-2B7302466D08}.Debug|Any CPU.ActiveCfg = Debug|Any CPU
		{EF3C7B18-64EC-4FDE-A306-2B7302466D08}.Debug|Any CPU.Build.0 = Debug|Any CPU
		{EF3C7B18-64EC-4FDE-A306-2B7302466D08}.Release|Any CPU.ActiveCfg = Release|Any CPU
		{EF3C7B18-64EC-4FDE-A306-2B7302466D08}.Release|Any CPU.Build.0 = Release|Any CPU
		{AD43BA3A-5B6A-48D7-8A14-3DE76E40E8AE}.Debug|Any CPU.ActiveCfg = Debug|Any CPU
		{AD43BA3A-5B6A-48D7-8A14-3DE76E40E8AE}.Debug|Any CPU.Build.0 = Debug|Any CPU
		{AD43BA3A-5B6A-48D7-8A14-3DE76E40E8AE}.Release|Any CPU.ActiveCfg = Release|Any CPU
		{AD43BA3A-5B6A-48D7-8A14-3DE76E40E8AE}.Release|Any CPU.Build.0 = Release|Any CPU
		{6D31B1B4-BAD7-4B27-99C5-6D3D91AA581D}.Debug|Any CPU.ActiveCfg = Debug|Any CPU
		{6D31B1B4-BAD7-4B27-99C5-6D3D91AA581D}.Debug|Any CPU.Build.0 = Debug|Any CPU
		{6D31B1B4-BAD7-4B27-99C5-6D3D91AA581D}.Release|Any CPU.ActiveCfg = Release|Any CPU
		{6D31B1B4-BAD7-4B27-99C5-6D3D91AA581D}.Release|Any CPU.Build.0 = Release|Any CPU
		{E0F3CE97-75CE-4B8C-9CB2-7333AF131BBF}.Debug|Any CPU.ActiveCfg = Debug|Any CPU
		{E0F3CE97-75CE-4B8C-9CB2-7333AF131BBF}.Debug|Any CPU.Build.0 = Debug|Any CPU
		{E0F3CE97-75CE-4B8C-9CB2-7333AF131BBF}.Release|Any CPU.ActiveCfg = Release|Any CPU
		{E0F3CE97-75CE-4B8C-9CB2-7333AF131BBF}.Release|Any CPU.Build.0 = Release|Any CPU
		{8D6C8ED5-C8D9-46A8-ADA4-DF59373978A8}.Debug|Any CPU.ActiveCfg = Debug|Any CPU
		{8D6C8ED5-C8D9-46A8-ADA4-DF59373978A8}.Debug|Any CPU.Build.0 = Debug|Any CPU
		{8D6C8ED5-C8D9-46A8-ADA4-DF59373978A8}.Release|Any CPU.ActiveCfg = Release|Any CPU
		{8D6C8ED5-C8D9-46A8-ADA4-DF59373978A8}.Release|Any CPU.Build.0 = Release|Any CPU
		{F74D7BA0-E21E-4D20-826D-355234D71AE5}.Debug|Any CPU.ActiveCfg = Debug|Any CPU
		{F74D7BA0-E21E-4D20-826D-355234D71AE5}.Debug|Any CPU.Build.0 = Debug|Any CPU
		{F74D7BA0-E21E-4D20-826D-355234D71AE5}.Release|Any CPU.ActiveCfg = Release|Any CPU
		{F74D7BA0-E21E-4D20-826D-355234D71AE5}.Release|Any CPU.Build.0 = Release|Any CPU
		{31F88EA8-E483-49EC-B67E-B0821CBF988A}.Debug|Any CPU.ActiveCfg = Debug|Any CPU
		{31F88EA8-E483-49EC-B67E-B0821CBF988A}.Debug|Any CPU.Build.0 = Debug|Any CPU
		{31F88EA8-E483-49EC-B67E-B0821CBF988A}.Release|Any CPU.ActiveCfg = Release|Any CPU
		{31F88EA8-E483-49EC-B67E-B0821CBF988A}.Release|Any CPU.Build.0 = Release|Any CPU
		{8C7652CC-9371-40EF-826F-F7D497B1A7F5}.Debug|Any CPU.ActiveCfg = Debug|Any CPU
		{8C7652CC-9371-40EF-826F-F7D497B1A7F5}.Debug|Any CPU.Build.0 = Debug|Any CPU
		{8C7652CC-9371-40EF-826F-F7D497B1A7F5}.Release|Any CPU.ActiveCfg = Release|Any CPU
		{8C7652CC-9371-40EF-826F-F7D497B1A7F5}.Release|Any CPU.Build.0 = Release|Any CPU
		{E160A0CA-762B-4726-86F7-52F43D643517}.Debug|Any CPU.ActiveCfg = Debug|Any CPU
		{E160A0CA-762B-4726-86F7-52F43D643517}.Debug|Any CPU.Build.0 = Debug|Any CPU
		{E160A0CA-762B-4726-86F7-52F43D643517}.Release|Any CPU.ActiveCfg = Release|Any CPU
		{E160A0CA-762B-4726-86F7-52F43D643517}.Release|Any CPU.Build.0 = Release|Any CPU
		{B3017E1A-588E-4976-962F-988DFE71E3A3}.Debug|Any CPU.ActiveCfg = Debug|Any CPU
		{B3017E1A-588E-4976-962F-988DFE71E3A3}.Debug|Any CPU.Build.0 = Debug|Any CPU
		{B3017E1A-588E-4976-962F-988DFE71E3A3}.Release|Any CPU.ActiveCfg = Release|Any CPU
		{B3017E1A-588E-4976-962F-988DFE71E3A3}.Release|Any CPU.Build.0 = Release|Any CPU
		{D988575E-BC55-471F-990F-98BAC529B6AA}.Debug|Any CPU.ActiveCfg = Debug|Any CPU
		{D988575E-BC55-471F-990F-98BAC529B6AA}.Debug|Any CPU.Build.0 = Debug|Any CPU
		{D988575E-BC55-471F-990F-98BAC529B6AA}.Release|Any CPU.ActiveCfg = Release|Any CPU
		{D988575E-BC55-471F-990F-98BAC529B6AA}.Release|Any CPU.Build.0 = Release|Any CPU
		{06E59899-1132-4432-82B8-AFA6E99F7B34}.Debug|Any CPU.ActiveCfg = Debug|Any CPU
		{06E59899-1132-4432-82B8-AFA6E99F7B34}.Debug|Any CPU.Build.0 = Debug|Any CPU
		{06E59899-1132-4432-82B8-AFA6E99F7B34}.Release|Any CPU.ActiveCfg = Release|Any CPU
		{06E59899-1132-4432-82B8-AFA6E99F7B34}.Release|Any CPU.Build.0 = Release|Any CPU
		{B0F5910F-A3A0-4EED-BA30-3D7981FFFD8E}.Debug|Any CPU.ActiveCfg = Debug|Any CPU
		{B0F5910F-A3A0-4EED-BA30-3D7981FFFD8E}.Debug|Any CPU.Build.0 = Debug|Any CPU
		{B0F5910F-A3A0-4EED-BA30-3D7981FFFD8E}.Release|Any CPU.ActiveCfg = Release|Any CPU
		{B0F5910F-A3A0-4EED-BA30-3D7981FFFD8E}.Release|Any CPU.Build.0 = Release|Any CPU
		{6457F318-2967-49EA-A35A-E6E4143D7594}.Debug|Any CPU.ActiveCfg = Debug|Any CPU
		{6457F318-2967-49EA-A35A-E6E4143D7594}.Debug|Any CPU.Build.0 = Debug|Any CPU
		{6457F318-2967-49EA-A35A-E6E4143D7594}.Release|Any CPU.ActiveCfg = Release|Any CPU
		{6457F318-2967-49EA-A35A-E6E4143D7594}.Release|Any CPU.Build.0 = Release|Any CPU
		{0B9969B3-AB57-4B9D-84C7-B338DB64EDE7}.Debug|Any CPU.ActiveCfg = Debug|Any CPU
		{0B9969B3-AB57-4B9D-84C7-B338DB64EDE7}.Debug|Any CPU.Build.0 = Debug|Any CPU
		{0B9969B3-AB57-4B9D-84C7-B338DB64EDE7}.Release|Any CPU.ActiveCfg = Release|Any CPU
		{0B9969B3-AB57-4B9D-84C7-B338DB64EDE7}.Release|Any CPU.Build.0 = Release|Any CPU
		{EBD42BE0-E886-4522-BB94-1E627E50321C}.Debug|Any CPU.ActiveCfg = Debug|Any CPU
		{EBD42BE0-E886-4522-BB94-1E627E50321C}.Debug|Any CPU.Build.0 = Debug|Any CPU
		{EBD42BE0-E886-4522-BB94-1E627E50321C}.Release|Any CPU.ActiveCfg = Release|Any CPU
		{EBD42BE0-E886-4522-BB94-1E627E50321C}.Release|Any CPU.Build.0 = Release|Any CPU
		{E043550A-3B9E-4893-BE93-97617E7DCE79}.Debug|Any CPU.ActiveCfg = Debug|Any CPU
		{E043550A-3B9E-4893-BE93-97617E7DCE79}.Debug|Any CPU.Build.0 = Debug|Any CPU
		{E043550A-3B9E-4893-BE93-97617E7DCE79}.Release|Any CPU.ActiveCfg = Release|Any CPU
		{E043550A-3B9E-4893-BE93-97617E7DCE79}.Release|Any CPU.Build.0 = Release|Any CPU
		{D05C87E0-C9FB-4C43-9E54-5DFF062D0C00}.Debug|Any CPU.ActiveCfg = Debug|Any CPU
		{D05C87E0-C9FB-4C43-9E54-5DFF062D0C00}.Debug|Any CPU.Build.0 = Debug|Any CPU
		{D05C87E0-C9FB-4C43-9E54-5DFF062D0C00}.Release|Any CPU.ActiveCfg = Release|Any CPU
		{D05C87E0-C9FB-4C43-9E54-5DFF062D0C00}.Release|Any CPU.Build.0 = Release|Any CPU
		{BBA9A5A7-2D48-4FDA-AD14-4B1D63DF70CB}.Debug|Any CPU.ActiveCfg = Debug|Any CPU
		{BBA9A5A7-2D48-4FDA-AD14-4B1D63DF70CB}.Debug|Any CPU.Build.0 = Debug|Any CPU
		{BBA9A5A7-2D48-4FDA-AD14-4B1D63DF70CB}.Release|Any CPU.ActiveCfg = Release|Any CPU
		{BBA9A5A7-2D48-4FDA-AD14-4B1D63DF70CB}.Release|Any CPU.Build.0 = Release|Any CPU
		{E32C3A74-444E-42CF-867D-613074222E49}.Debug|Any CPU.ActiveCfg = Debug|Any CPU
		{E32C3A74-444E-42CF-867D-613074222E49}.Debug|Any CPU.Build.0 = Debug|Any CPU
		{E32C3A74-444E-42CF-867D-613074222E49}.Release|Any CPU.ActiveCfg = Release|Any CPU
		{E32C3A74-444E-42CF-867D-613074222E49}.Release|Any CPU.Build.0 = Release|Any CPU
		{70022102-C04C-4A88-9912-255A164B8542}.Debug|Any CPU.ActiveCfg = Debug|Any CPU
		{70022102-C04C-4A88-9912-255A164B8542}.Debug|Any CPU.Build.0 = Debug|Any CPU
		{70022102-C04C-4A88-9912-255A164B8542}.Release|Any CPU.ActiveCfg = Release|Any CPU
		{70022102-C04C-4A88-9912-255A164B8542}.Release|Any CPU.Build.0 = Release|Any CPU
		{B3B80F53-85DA-4C12-A690-CF252AE7EE53}.Debug|Any CPU.ActiveCfg = Debug|Any CPU
		{B3B80F53-85DA-4C12-A690-CF252AE7EE53}.Debug|Any CPU.Build.0 = Debug|Any CPU
		{B3B80F53-85DA-4C12-A690-CF252AE7EE53}.Release|Any CPU.ActiveCfg = Release|Any CPU
		{B3B80F53-85DA-4C12-A690-CF252AE7EE53}.Release|Any CPU.Build.0 = Release|Any CPU
		{35B91CC6-9E7C-423B-8BEA-6BDCDE6D014C}.Debug|Any CPU.ActiveCfg = Debug|Any CPU
		{35B91CC6-9E7C-423B-8BEA-6BDCDE6D014C}.Debug|Any CPU.Build.0 = Debug|Any CPU
		{35B91CC6-9E7C-423B-8BEA-6BDCDE6D014C}.Release|Any CPU.ActiveCfg = Release|Any CPU
		{35B91CC6-9E7C-423B-8BEA-6BDCDE6D014C}.Release|Any CPU.Build.0 = Release|Any CPU
		{CA55633D-83F5-4FE2-98F0-D4F3D77C4CE7}.Debug|Any CPU.ActiveCfg = Debug|Any CPU
		{CA55633D-83F5-4FE2-98F0-D4F3D77C4CE7}.Debug|Any CPU.Build.0 = Debug|Any CPU
		{CA55633D-83F5-4FE2-98F0-D4F3D77C4CE7}.Release|Any CPU.ActiveCfg = Release|Any CPU
		{CA55633D-83F5-4FE2-98F0-D4F3D77C4CE7}.Release|Any CPU.Build.0 = Release|Any CPU
		{39F79C01-2017-46A3-ADFA-D432A57C04C4}.Debug|Any CPU.ActiveCfg = Debug|Any CPU
		{39F79C01-2017-46A3-ADFA-D432A57C04C4}.Debug|Any CPU.Build.0 = Debug|Any CPU
		{39F79C01-2017-46A3-ADFA-D432A57C04C4}.Release|Any CPU.ActiveCfg = Release|Any CPU
		{39F79C01-2017-46A3-ADFA-D432A57C04C4}.Release|Any CPU.Build.0 = Release|Any CPU
		{18DB389C-96D4-4C4B-A980-BD2AF7920840}.Debug|Any CPU.ActiveCfg = Debug|Any CPU
		{18DB389C-96D4-4C4B-A980-BD2AF7920840}.Debug|Any CPU.Build.0 = Debug|Any CPU
		{18DB389C-96D4-4C4B-A980-BD2AF7920840}.Release|Any CPU.ActiveCfg = Release|Any CPU
		{18DB389C-96D4-4C4B-A980-BD2AF7920840}.Release|Any CPU.Build.0 = Release|Any CPU
		{52C03A84-FC79-4943-ADE7-B2C77A7E0514}.Debug|Any CPU.ActiveCfg = Debug|Any CPU
		{52C03A84-FC79-4943-ADE7-B2C77A7E0514}.Debug|Any CPU.Build.0 = Debug|Any CPU
		{52C03A84-FC79-4943-ADE7-B2C77A7E0514}.Release|Any CPU.ActiveCfg = Release|Any CPU
		{52C03A84-FC79-4943-ADE7-B2C77A7E0514}.Release|Any CPU.Build.0 = Release|Any CPU
		{D66E3EE2-4E00-4A3E-8F12-6F7F24066A80}.Debug|Any CPU.ActiveCfg = Debug|Any CPU
		{D66E3EE2-4E00-4A3E-8F12-6F7F24066A80}.Debug|Any CPU.Build.0 = Debug|Any CPU
		{D66E3EE2-4E00-4A3E-8F12-6F7F24066A80}.Release|Any CPU.ActiveCfg = Release|Any CPU
		{D66E3EE2-4E00-4A3E-8F12-6F7F24066A80}.Release|Any CPU.Build.0 = Release|Any CPU
		{3062B2A1-1CB3-44D3-BF75-AB60997B0613}.Debug|Any CPU.ActiveCfg = Debug|Any CPU
		{3062B2A1-1CB3-44D3-BF75-AB60997B0613}.Debug|Any CPU.Build.0 = Debug|Any CPU
		{3062B2A1-1CB3-44D3-BF75-AB60997B0613}.Release|Any CPU.ActiveCfg = Release|Any CPU
		{3062B2A1-1CB3-44D3-BF75-AB60997B0613}.Release|Any CPU.Build.0 = Release|Any CPU
		{EA53ECB4-4375-4477-8259-1B6447A4C980}.Debug|Any CPU.ActiveCfg = Debug|Any CPU
		{EA53ECB4-4375-4477-8259-1B6447A4C980}.Debug|Any CPU.Build.0 = Debug|Any CPU
		{EA53ECB4-4375-4477-8259-1B6447A4C980}.Release|Any CPU.ActiveCfg = Release|Any CPU
		{EA53ECB4-4375-4477-8259-1B6447A4C980}.Release|Any CPU.Build.0 = Release|Any CPU
		{DC2A8CE4-B988-455B-820C-D59C34CF9328}.Debug|Any CPU.ActiveCfg = Debug|Any CPU
		{DC2A8CE4-B988-455B-820C-D59C34CF9328}.Debug|Any CPU.Build.0 = Debug|Any CPU
		{DC2A8CE4-B988-455B-820C-D59C34CF9328}.Release|Any CPU.ActiveCfg = Release|Any CPU
		{DC2A8CE4-B988-455B-820C-D59C34CF9328}.Release|Any CPU.Build.0 = Release|Any CPU
		{F372D4DA-0339-4FC1-A4E4-9E535F7AC43B}.Debug|Any CPU.ActiveCfg = Debug|Any CPU
		{F372D4DA-0339-4FC1-A4E4-9E535F7AC43B}.Debug|Any CPU.Build.0 = Debug|Any CPU
		{F372D4DA-0339-4FC1-A4E4-9E535F7AC43B}.Release|Any CPU.ActiveCfg = Release|Any CPU
		{F372D4DA-0339-4FC1-A4E4-9E535F7AC43B}.Release|Any CPU.Build.0 = Release|Any CPU
		{71886021-C83C-4D92-8B40-B5C8D962AC90}.Debug|Any CPU.ActiveCfg = Debug|Any CPU
		{71886021-C83C-4D92-8B40-B5C8D962AC90}.Debug|Any CPU.Build.0 = Debug|Any CPU
		{71886021-C83C-4D92-8B40-B5C8D962AC90}.Release|Any CPU.ActiveCfg = Release|Any CPU
		{71886021-C83C-4D92-8B40-B5C8D962AC90}.Release|Any CPU.Build.0 = Release|Any CPU
		{55170B6F-5700-4674-8F3F-F607407B7F94}.Debug|Any CPU.ActiveCfg = Debug|Any CPU
		{55170B6F-5700-4674-8F3F-F607407B7F94}.Debug|Any CPU.Build.0 = Debug|Any CPU
		{55170B6F-5700-4674-8F3F-F607407B7F94}.Release|Any CPU.ActiveCfg = Release|Any CPU
		{55170B6F-5700-4674-8F3F-F607407B7F94}.Release|Any CPU.Build.0 = Release|Any CPU
		{C31C8B05-3978-4F81-8AC5-672FBDEA7299}.Debug|Any CPU.ActiveCfg = Debug|Any CPU
		{C31C8B05-3978-4F81-8AC5-672FBDEA7299}.Debug|Any CPU.Build.0 = Debug|Any CPU
		{C31C8B05-3978-4F81-8AC5-672FBDEA7299}.Release|Any CPU.ActiveCfg = Release|Any CPU
		{C31C8B05-3978-4F81-8AC5-672FBDEA7299}.Release|Any CPU.Build.0 = Release|Any CPU
	EndGlobalSection
	GlobalSection(SolutionProperties) = preSolution
		HideSolutionNode = FALSE
	EndGlobalSection
	GlobalSection(NestedProjects) = preSolution
		{A9122291-55DF-4E88-A537-73E66EAF1C64} = {DAF6E406-246C-4E48-9DEE-C1103EB01644}
		{F9B5282A-C878-4947-BA92-89B7179CAD91} = {DAF6E406-246C-4E48-9DEE-C1103EB01644}
		{97BAB90E-6CBD-4AFD-92BD-48A395807D51} = {DAF6E406-246C-4E48-9DEE-C1103EB01644}
		{3AEF1E58-3103-4F04-8938-7CEBDD0FC84D} = {7CAE5A9B-DBA5-46B4-B619-7F432482DD13}
		{AF202A80-2711-4722-A64A-3C4DF10821DB} = {7CAE5A9B-DBA5-46B4-B619-7F432482DD13}
		{D0330530-140F-4243-B777-557F255793FA} = {7CAE5A9B-DBA5-46B4-B619-7F432482DD13}
		{DEFFEB1D-F205-4BB7-84C4-81FF1094461D} = {42761FB4-8B42-440E-AAC8-0CD4F8AFC424}
		{B40A3310-1E05-45DA-9F32-6033212B4F80} = {42761FB4-8B42-440E-AAC8-0CD4F8AFC424}
		{FBEB4C1B-87E1-40A4-89FA-3D36A66DC53F} = {42761FB4-8B42-440E-AAC8-0CD4F8AFC424}
		{EF3C7B18-64EC-4FDE-A306-2B7302466D08} = {42761FB4-8B42-440E-AAC8-0CD4F8AFC424}
		{AD43BA3A-5B6A-48D7-8A14-3DE76E40E8AE} = {42761FB4-8B42-440E-AAC8-0CD4F8AFC424}
		{6D31B1B4-BAD7-4B27-99C5-6D3D91AA581D} = {B0B33FD3-E8AA-4C95-9C09-A4497D9E3D6D}
		{E0F3CE97-75CE-4B8C-9CB2-7333AF131BBF} = {B0B33FD3-E8AA-4C95-9C09-A4497D9E3D6D}
		{8D6C8ED5-C8D9-46A8-ADA4-DF59373978A8} = {994068F3-E5AE-49ED-86C6-E4A2FEC3EA6F}
		{F74D7BA0-E21E-4D20-826D-355234D71AE5} = {994068F3-E5AE-49ED-86C6-E4A2FEC3EA6F}
		{31F88EA8-E483-49EC-B67E-B0821CBF988A} = {994068F3-E5AE-49ED-86C6-E4A2FEC3EA6F}
		{8C7652CC-9371-40EF-826F-F7D497B1A7F5} = {778A0FA8-0764-4FA1-A17A-5CB92413DEB2}
		{E160A0CA-762B-4726-86F7-52F43D643517} = {778A0FA8-0764-4FA1-A17A-5CB92413DEB2}
		{B3017E1A-588E-4976-962F-988DFE71E3A3} = {C46DE4FA-00B6-4C8D-8703-F61D2A8707FD}
		{D988575E-BC55-471F-990F-98BAC529B6AA} = {C46DE4FA-00B6-4C8D-8703-F61D2A8707FD}
		{06E59899-1132-4432-82B8-AFA6E99F7B34} = {C46DE4FA-00B6-4C8D-8703-F61D2A8707FD}
		{B0F5910F-A3A0-4EED-BA30-3D7981FFFD8E} = {9169D00C-F73E-438C-8D13-85BCF36C1428}
		{6457F318-2967-49EA-A35A-E6E4143D7594} = {9169D00C-F73E-438C-8D13-85BCF36C1428}
		{0B9969B3-AB57-4B9D-84C7-B338DB64EDE7} = {9169D00C-F73E-438C-8D13-85BCF36C1428}
		{EBD42BE0-E886-4522-BB94-1E627E50321C} = {9169D00C-F73E-438C-8D13-85BCF36C1428}
		{E043550A-3B9E-4893-BE93-97617E7DCE79} = {9169D00C-F73E-438C-8D13-85BCF36C1428}
		{D05C87E0-C9FB-4C43-9E54-5DFF062D0C00} = {9169D00C-F73E-438C-8D13-85BCF36C1428}
		{BBA9A5A7-2D48-4FDA-AD14-4B1D63DF70CB} = {9169D00C-F73E-438C-8D13-85BCF36C1428}
		{E32C3A74-444E-42CF-867D-613074222E49} = {A888594A-3C96-4163-915D-09B76365842E}
		{70022102-C04C-4A88-9912-255A164B8542} = {A888594A-3C96-4163-915D-09B76365842E}
		{B3B80F53-85DA-4C12-A690-CF252AE7EE53} = {A888594A-3C96-4163-915D-09B76365842E}
		{35B91CC6-9E7C-423B-8BEA-6BDCDE6D014C} = {A888594A-3C96-4163-915D-09B76365842E}
		{CA55633D-83F5-4FE2-98F0-D4F3D77C4CE7} = {833EB596-73AD-4263-88BC-2A13DF7BF831}
		{39F79C01-2017-46A3-ADFA-D432A57C04C4} = {833EB596-73AD-4263-88BC-2A13DF7BF831}
		{18DB389C-96D4-4C4B-A980-BD2AF7920840} = {11E22D26-B128-499E-94A5-383869B37126}
		{52C03A84-FC79-4943-ADE7-B2C77A7E0514} = {11E22D26-B128-499E-94A5-383869B37126}
		{D66E3EE2-4E00-4A3E-8F12-6F7F24066A80} = {11E22D26-B128-499E-94A5-383869B37126}
		{3062B2A1-1CB3-44D3-BF75-AB60997B0613} = {B0D56509-379D-425A-83CE-4C8700F631B6}
		{EA53ECB4-4375-4477-8259-1B6447A4C980} = {7F16818D-AA66-4CC1-8352-5BE57F31D439}
		{DC2A8CE4-B988-455B-820C-D59C34CF9328} = {7F16818D-AA66-4CC1-8352-5BE57F31D439}
		{F372D4DA-0339-4FC1-A4E4-9E535F7AC43B} = {7F16818D-AA66-4CC1-8352-5BE57F31D439}
		{71886021-C83C-4D92-8B40-B5C8D962AC90} = {7F16818D-AA66-4CC1-8352-5BE57F31D439}
		{55170B6F-5700-4674-8F3F-F607407B7F94} = {4A4E0376-61CC-4C30-B6F7-E6DAA99EA9E4}
		{C31C8B05-3978-4F81-8AC5-672FBDEA7299} = {4A4E0376-61CC-4C30-B6F7-E6DAA99EA9E4}
	EndGlobalSection
	GlobalSection(ExtensibilityGlobals) = postSolution
		SolutionGuid = {AFD36F0E-58F3-49F1-B269-39A1D42B2F8E}
	EndGlobalSection
EndGlobal
